{
  "name": "dcl-project",
  "version": "1.0.0",
  "lockfileVersion": 1,
  "requires": true,
  "dependencies": {
    "@dcl/amd": {
      "version": "0.0.0-1144222635.commit-df7f993",
      "resolved": "https://registry.npmjs.org/@dcl/amd/-/amd-0.0.0-1144222635.commit-df7f993.tgz",
      "integrity": "sha512-BITYmPUZLw+zIdTTBrupAMCGlCGbs3k/EX2/+6dF3izkM16vKx9lCbbIgZVeNw/LqQMBKTgTq6FCwnQjdIysJg==",
      "dev": true
    },
    "@dcl/build-ecs": {
      "version": "0.0.0-1144222635.commit-df7f993",
      "resolved": "https://registry.npmjs.org/@dcl/build-ecs/-/build-ecs-0.0.0-1144222635.commit-df7f993.tgz",
      "integrity": "sha512-MoSXDZ98O/37tkYMT4egTPR32n3fB3t+v92VN4jBu9k3+cxdz+Ojr98Mjyj8Hrd6mCbmcpktv1uvjmGj8FbDcg==",
      "dev": true,
      "requires": {
        "terser": "^5.7.1",
        "typescript": "^4.3.5"
      }
    },
    "@dcl/ecs-scene-utils": {
      "version": "1.7.2",
      "resolved": "https://registry.npmjs.org/@dcl/ecs-scene-utils/-/ecs-scene-utils-1.7.2.tgz",
      "integrity": "sha512-pPrUr9Dzizg5k7fCP7hX2DSSU8yu4qgTJGGkZ5VH5fT4Wgrvz9RmUs3r9HObW4OEkxY+BPjtD2v5kSmDHWOTbg=="
    },
    "@dcl/kernel": {
      "version": "1.0.0-1103242784.commit-c1c0d95",
      "resolved": "https://registry.npmjs.org/@dcl/kernel/-/kernel-1.0.0-1103242784.commit-c1c0d95.tgz",
      "integrity": "sha512-kXe3cwd/m6XkDjLzrPXPHuuM7BPRaw4w8NDTFBiKasCqewdx00vIaSkrz7MKS1I2e5Rw9AOGU4qEHhaoQPAJFA==",
      "dev": true
    },
    "@dcl/posix": {
      "version": "1.0.0-20210529225617.commit-f7f0ee9",
      "resolved": "https://registry.npmjs.org/@dcl/posix/-/posix-1.0.0-20210529225617.commit-f7f0ee9.tgz",
      "integrity": "sha512-yLxs4117kkDWFikIccMRR2ZeKRF61jzz1xAWEclew+8+qHjg/ffyDD86eSAoXd0xXCwv9o3s/I94zoiTykUlTA==",
      "dev": true
    },
    "@dcl/ui-scene-utils": {
      "version": "1.8.1",
      "resolved": "https://registry.npmjs.org/@dcl/ui-scene-utils/-/ui-scene-utils-1.8.1.tgz",
      "integrity": "sha512-r/aVxEmtqEb9DKQroA0ehOm5FCxQTv7Y2bxyIZmQHU96h++84yOoi8qklD9iOeyFbOx21U+8roalGmH1Egb2Eg=="
    },
    "@dcl/unity-renderer": {
      "version": "1.0.10751",
      "resolved": "https://registry.npmjs.org/@dcl/unity-renderer/-/unity-renderer-1.0.10751.tgz",
      "integrity": "sha512-WIaK0EcVNs3Pb2aD5/iJdiFUjHh0Hvvxo7s+8EyZ6Jd/HLsYz4RHuQU6ZKF0hvjX77GUShxqgedvX/RsYW/EKw==",
      "dev": true
    },
    "@types/http-proxy": {
      "version": "1.17.7",
      "resolved": "https://registry.npmjs.org/@types/http-proxy/-/http-proxy-1.17.7.tgz",
      "integrity": "sha512-9hdj6iXH64tHSLTY+Vt2eYOGzSogC+JQ2H7bdPWkuh7KXP5qLllWx++t+K9Wk556c3dkDdPws/SpMRi0sdCT1w==",
      "dev": true,
      "requires": {
        "@types/node": "*"
      }
    },
    "@types/node": {
      "version": "16.6.2",
      "resolved": "https://registry.npmjs.org/@types/node/-/node-16.6.2.tgz",
      "integrity": "sha512-LSw8TZt12ZudbpHc6EkIyDM3nHVWKYrAvGy6EAJfNfjusbwnThqjqxUKKRwuV3iWYeW/LYMzNgaq3MaLffQ2xA==",
      "dev": true
    },
    "balanced-match": {
      "version": "1.0.2",
      "resolved": "https://registry.npmjs.org/balanced-match/-/balanced-match-1.0.2.tgz",
      "integrity": "sha512-3oSeUO0TMV67hN1AmbXsK4yaqU7tjiHlbxRDZOpH0KW9+CeX4bRAaX0Anxt0tx2MrpRpWwQaPwIlISEJhYU5Pw==",
      "dev": true
    },
    "brace-expansion": {
      "version": "1.1.11",
      "resolved": "https://registry.npmjs.org/brace-expansion/-/brace-expansion-1.1.11.tgz",
      "integrity": "sha512-iCuPHDFgrHX7H2vEI/5xpz07zSHB00TpugqhmYtVmMO6518mCuRMoOYFldEBl0g187ufozdaHgWKcYFb61qGiA==",
      "dev": true,
      "requires": {
        "balanced-match": "^1.0.0",
        "concat-map": "0.0.1"
      }
    },
    "braces": {
      "version": "3.0.2",
      "resolved": "https://registry.npmjs.org/braces/-/braces-3.0.2.tgz",
      "integrity": "sha512-b8um+L1RzM3WDSzvhm6gIz1yfTbBt6YTlcEKAvsmqCZZFw46z626lVj9j1yEPW33H5H+lBQpZMP1k8l+78Ha0A==",
      "dev": true,
      "requires": {
        "fill-range": "^7.0.1"
      }
    },
    "buffer-from": {
      "version": "1.1.2",
      "resolved": "https://registry.npmjs.org/buffer-from/-/buffer-from-1.1.2.tgz",
      "integrity": "sha512-E+XQCRwSbaaiChtv6k6Dwgc+bx+Bs6vuKJHHl5kox/BaKbhiXzqQOwK4cO22yElGp2OCmjwVhT3HmxgyPGnJfQ==",
      "dev": true
    },
    "commander": {
      "version": "2.20.3",
      "resolved": "https://registry.npmjs.org/commander/-/commander-2.20.3.tgz",
      "integrity": "sha512-GpVkmM8vF2vQUkj2LvZmD35JxeJOLCwJ9cUkugyk2nuhbv3+mJvpLYYt+0+USMxE+oj+ey/lJEnhZw75x/OMcQ==",
      "dev": true
    },
    "concat-map": {
      "version": "0.0.1",
      "resolved": "https://registry.npmjs.org/concat-map/-/concat-map-0.0.1.tgz",
      "integrity": "sha1-2Klr13/Wjfd5OnMDajug1UBdR3s=",
      "dev": true
    },
    "decentraland-ecs": {
      "version": "6.6.6-1144222635.commit-df7f993",
      "resolved": "https://registry.npmjs.org/decentraland-ecs/-/decentraland-ecs-6.6.6-1144222635.commit-df7f993.tgz",
      "integrity": "sha512-h//K9T9WaqPQpxir/8YRxzCBJP+NX2WpuOhTIgsCqU3u3pSvnXwDMZwR9B1jQamO2ymRBLD1kK/mP6kGgttu5Q==",
      "dev": true,
      "requires": {
        "@dcl/amd": "0.0.0-1144222635.commit-df7f993",
        "@dcl/build-ecs": "0.0.0-1144222635.commit-df7f993",
        "@dcl/kernel": "1.0.0-1103242784.commit-c1c0d95",
        "@dcl/posix": "^1.0.0-20210529225617.commit-f7f0ee9",
        "@dcl/unity-renderer": "^1.0.10751",
        "glob": "^7.1.7",
        "http-proxy-middleware": "^2.0.1"
      }
    },
    "eventemitter3": {
      "version": "4.0.7",
      "resolved": "https://registry.npmjs.org/eventemitter3/-/eventemitter3-4.0.7.tgz",
      "integrity": "sha512-8guHBZCwKnFhYdHr2ysuRWErTwhoN2X8XELRlrRwpmfeY2jjuUN4taQMsULKUVo1K4DvZl+0pgfyoysHxvmvEw==",
      "dev": true
    },
    "fill-range": {
      "version": "7.0.1",
      "resolved": "https://registry.npmjs.org/fill-range/-/fill-range-7.0.1.tgz",
      "integrity": "sha512-qOo9F+dMUmC2Lcb4BbVvnKJxTPjCm+RRpe4gDuGrzkL7mEVl/djYSu2OdQ2Pa302N4oqkSg9ir6jaLWJ2USVpQ==",
      "dev": true,
      "requires": {
        "to-regex-range": "^5.0.1"
      }
    },
    "follow-redirects": {
      "version": "1.14.2",
      "resolved": "https://registry.npmjs.org/follow-redirects/-/follow-redirects-1.14.2.tgz",
      "integrity": "sha512-yLR6WaE2lbF0x4K2qE2p9PEXKLDjUjnR/xmjS3wHAYxtlsI9MLLBJUZirAHKzUZDGLxje7w/cXR49WOUo4rbsA==",
      "dev": true
    },
    "fs.realpath": {
      "version": "1.0.0",
      "resolved": "https://registry.npmjs.org/fs.realpath/-/fs.realpath-1.0.0.tgz",
      "integrity": "sha1-FQStJSMVjKpA20onh8sBQRmU6k8=",
      "dev": true
    },
    "glob": {
      "version": "7.1.7",
      "resolved": "https://registry.npmjs.org/glob/-/glob-7.1.7.tgz",
      "integrity": "sha512-OvD9ENzPLbegENnYP5UUfJIirTg4+XwMWGaQfQTY0JenxNvvIKP3U3/tAQSPIu/lHxXYSZmpXlUHeqAIdKzBLQ==",
      "dev": true,
      "requires": {
        "fs.realpath": "^1.0.0",
        "inflight": "^1.0.4",
        "inherits": "2",
        "minimatch": "^3.0.4",
        "once": "^1.3.0",
        "path-is-absolute": "^1.0.0"
      }
    },
    "http-proxy": {
      "version": "1.18.1",
      "resolved": "https://registry.npmjs.org/http-proxy/-/http-proxy-1.18.1.tgz",
      "integrity": "sha512-7mz/721AbnJwIVbnaSv1Cz3Am0ZLT/UBwkC92VlxhXv/k/BBQfM2fXElQNC27BVGr0uwUpplYPQM9LnaBMR5NQ==",
      "dev": true,
      "requires": {
        "eventemitter3": "^4.0.0",
        "follow-redirects": "^1.0.0",
        "requires-port": "^1.0.0"
      }
    },
    "http-proxy-middleware": {
      "version": "2.0.1",
      "resolved": "https://registry.npmjs.org/http-proxy-middleware/-/http-proxy-middleware-2.0.1.tgz",
      "integrity": "sha512-cfaXRVoZxSed/BmkA7SwBVNI9Kj7HFltaE5rqYOub5kWzWZ+gofV2koVN1j2rMW7pEfSSlCHGJ31xmuyFyfLOg==",
      "dev": true,
      "requires": {
        "@types/http-proxy": "^1.17.5",
        "http-proxy": "^1.18.1",
        "is-glob": "^4.0.1",
        "is-plain-obj": "^3.0.0",
        "micromatch": "^4.0.2"
      }
    },
    "inflight": {
      "version": "1.0.6",
      "resolved": "https://registry.npmjs.org/inflight/-/inflight-1.0.6.tgz",
      "integrity": "sha1-Sb1jMdfQLQwJvJEKEHW6gWW1bfk=",
      "dev": true,
      "requires": {
        "once": "^1.3.0",
        "wrappy": "1"
      }
    },
    "inherits": {
      "version": "2.0.4",
      "resolved": "https://registry.npmjs.org/inherits/-/inherits-2.0.4.tgz",
      "integrity": "sha512-k/vGaX4/Yla3WzyMCvTQOXYeIHvqOKtnqBduzTHpzpQZzAskKMhZ2K+EnBiSM9zGSoIFeMpXKxa4dYeZIQqewQ==",
      "dev": true
    },
    "is-extglob": {
      "version": "2.1.1",
      "resolved": "https://registry.npmjs.org/is-extglob/-/is-extglob-2.1.1.tgz",
      "integrity": "sha1-qIwCU1eR8C7TfHahueqXc8gz+MI=",
      "dev": true
    },
    "is-glob": {
      "version": "4.0.1",
      "resolved": "https://registry.npmjs.org/is-glob/-/is-glob-4.0.1.tgz",
      "integrity": "sha512-5G0tKtBTFImOqDnLB2hG6Bp2qcKEFduo4tZu9MT/H6NQv/ghhy30o55ufafxJ/LdH79LLs2Kfrn85TLKyA7BUg==",
      "dev": true,
      "requires": {
        "is-extglob": "^2.1.1"
      }
    },
    "is-number": {
      "version": "7.0.0",
      "resolved": "https://registry.npmjs.org/is-number/-/is-number-7.0.0.tgz",
      "integrity": "sha512-41Cifkg6e8TylSpdtTpeLVMqvSBEVzTttHvERD741+pnZ8ANv0004MRL43QKPDlK9cGvNp6NZWZUBlbGXYxxng==",
      "dev": true
    },
    "is-plain-obj": {
      "version": "3.0.0",
      "resolved": "https://registry.npmjs.org/is-plain-obj/-/is-plain-obj-3.0.0.tgz",
      "integrity": "sha512-gwsOE28k+23GP1B6vFl1oVh/WOzmawBrKwo5Ev6wMKzPkaXaCDIQKzLnvsA42DRlbVTWorkgTKIviAKCWkfUwA==",
      "dev": true
    },
    "micromatch": {
      "version": "4.0.4",
      "resolved": "https://registry.npmjs.org/micromatch/-/micromatch-4.0.4.tgz",
      "integrity": "sha512-pRmzw/XUcwXGpD9aI9q/0XOwLNygjETJ8y0ao0wdqprrzDa4YnxLcz7fQRZr8voh8V10kGhABbNcHVk5wHgWwg==",
      "dev": true,
      "requires": {
        "braces": "^3.0.1",
        "picomatch": "^2.2.3"
      }
    },
    "minimatch": {
      "version": "3.0.4",
      "resolved": "https://registry.npmjs.org/minimatch/-/minimatch-3.0.4.tgz",
      "integrity": "sha512-yJHVQEhyqPLUTgt9B83PXu6W3rx4MvvHvSUvToogpwoGDOUQ+yDrR0HRot+yOCdCO7u4hX3pWft6kWBBcqh0UA==",
      "dev": true,
      "requires": {
        "brace-expansion": "^1.1.7"
      }
    },
    "once": {
      "version": "1.4.0",
      "resolved": "https://registry.npmjs.org/once/-/once-1.4.0.tgz",
      "integrity": "sha1-WDsap3WWHUsROsF9nFC6753Xa9E=",
      "dev": true,
      "requires": {
        "wrappy": "1"
      }
    },
    "path-is-absolute": {
      "version": "1.0.1",
      "resolved": "https://registry.npmjs.org/path-is-absolute/-/path-is-absolute-1.0.1.tgz",
      "integrity": "sha1-F0uSaHNVNP+8es5r9TpanhtcX18=",
      "dev": true
    },
    "picomatch": {
      "version": "2.3.0",
      "resolved": "https://registry.npmjs.org/picomatch/-/picomatch-2.3.0.tgz",
      "integrity": "sha512-lY1Q/PiJGC2zOv/z391WOTD+Z02bCgsFfvxoXXf6h7kv9o+WmsmzYqrAwY63sNgOxE4xEdq0WyUnXfKeBrSvYw==",
      "dev": true
    },
    "requires-port": {
      "version": "1.0.0",
      "resolved": "https://registry.npmjs.org/requires-port/-/requires-port-1.0.0.tgz",
      "integrity": "sha1-kl0mAdOaxIXgkc8NpcbmlNw9yv8=",
      "dev": true
    },
    "source-map": {
      "version": "0.7.3",
      "resolved": "https://registry.npmjs.org/source-map/-/source-map-0.7.3.tgz",
      "integrity": "sha512-CkCj6giN3S+n9qrYiBTX5gystlENnRW5jZeNLHpe6aue+SrHcG5VYwujhW9s4dY31mEGsxBDrHR6oI69fTXsaQ==",
      "dev": true
    },
    "source-map-support": {
      "version": "0.5.19",
      "resolved": "https://registry.npmjs.org/source-map-support/-/source-map-support-0.5.19.tgz",
      "integrity": "sha512-Wonm7zOCIJzBGQdB+thsPar0kYuCIzYvxZwlBa87yi/Mdjv7Tip2cyVbLj5o0cFPN4EVkuTwb3GDDyUx2DGnGw==",
      "dev": true,
      "requires": {
        "buffer-from": "^1.0.0",
        "source-map": "^0.6.0"
      },
      "dependencies": {
        "source-map": {
          "version": "0.6.1",
          "resolved": "https://registry.npmjs.org/source-map/-/source-map-0.6.1.tgz",
          "integrity": "sha512-UjgapumWlbMhkBgzT7Ykc5YXUT46F0iKu8SGXq0bcwP5dz/h0Plj6enJqjz1Zbq2l5WaqYnrVbwWOWMyF3F47g==",
          "dev": true
        }
      }
    },
    "terser": {
      "version": "5.7.1",
      "resolved": "https://registry.npmjs.org/terser/-/terser-5.7.1.tgz",
      "integrity": "sha512-b3e+d5JbHAe/JSjwsC3Zn55wsBIM7AsHLjKxT31kGCldgbpFePaFo+PiddtO6uwRZWRw7sPXmAN8dTW61xmnSg==",
      "dev": true,
      "requires": {
        "commander": "^2.20.0",
        "source-map": "~0.7.2",
        "source-map-support": "~0.5.19"
      }
    },
    "to-regex-range": {
      "version": "5.0.1",
      "resolved": "https://registry.npmjs.org/to-regex-range/-/to-regex-range-5.0.1.tgz",
      "integrity": "sha512-65P7iz6X5yEr1cwcgvQxbbIw7Uk3gOy5dIdtZ4rDveLqhrdJP+Li/Hx6tyK0NEb+2GCyneCMJiGqrADCSNk8sQ==",
      "dev": true,
      "requires": {
        "is-number": "^7.0.0"
      }
    },
    "typescript": {
      "version": "4.3.5",
      "resolved": "https://registry.npmjs.org/typescript/-/typescript-4.3.5.tgz",
      "integrity": "sha512-DqQgihaQ9cUrskJo9kIyW/+g0Vxsk8cDtZ52a3NGh0YNTfpUSArXSohyUGnvbPazEPLu398C0UxmKSOrPumUzA==",
      "dev": true
    },
    "wrappy": {
      "version": "1.0.2",
      "resolved": "https://registry.npmjs.org/wrappy/-/wrappy-1.0.2.tgz",
      "integrity": "sha1-tSQ9jz7BqjXxNkYFvA0QNuMKtp8=",
      "dev": true
    }
  }
}
